
Microsoft Visual Studio Solution File, Format Version 12.00
# Visual Studio Version 17
VisualStudioVersion = 17.9.34622.214
MinimumVisualStudioVersion = 10.0.40219.1
Project("{9A19103F-16F7-4668-BE54-9A1E7A4F7556}") = "OnlineLearningPlatform", "OnlineLearningPlatform\OnlineLearningPlatform.csproj", "{BCB8E558-594A-4D41-B22D-48DD136B87A3}"
EndProject
Project("{9A19103F-16F7-4668-BE54-9A1E7A4F7556}") = "Client", "Client\Client.csproj", "{B8D12FD3-2696-499C-B20D-DD309FC4256C}"
EndProject
Global
	GlobalSection(SolutionConfigurationPlatforms) = preSolution
		Debug|Any CPU = Debug|Any CPU
		Release|Any CPU = Release|Any CPU
	EndGlobalSection
	GlobalSection(ProjectConfigurationPlatforms) = postSolution
		{BCB8E558-594A-4D41-B22D-48DD136B87A3}.Debug|Any CPU.ActiveCfg = Debug|Any CPU
		{BCB8E558-594A-4D41-B22D-48DD136B87A3}.Debug|Any CPU.Build.0 = Debug|Any CPU
		{BCB8E558-594A-4D41-B22D-48DD136B87A3}.Release|Any CPU.ActiveCfg = Release|Any CPU
		{BCB8E558-594A-4D41-B22D-48DD136B87A3}.Release|Any CPU.Build.0 = Release|Any CPU
		{B8D12FD3-2696-499C-B20D-DD309FC4256C}.Debug|Any CPU.ActiveCfg = Debug|Any CPU
		{B8D12FD3-2696-499C-B20D-DD309FC4256C}.Debug|Any CPU.Build.0 = Debug|Any CPU
		{B8D12FD3-2696-499C-B20D-DD309FC4256C}.Release|Any CPU.ActiveCfg = Release|Any CPU
		{B8D12FD3-2696-499C-B20D-DD309FC4256C}.Release|Any CPU.Build.0 = Release|Any CPU
	EndGlobalSection
	GlobalSection(SolutionProperties) = preSolution
		HideSolutionNode = FALSE
	EndGlobalSection
	GlobalSection(ExtensibilityGlobals) = postSolution
		SolutionGuid = {E051788F-EC95-4A5E-A287-A92584FE9A04}
	EndGlobalSection
EndGlobal
